
Microsoft Visual Studio Solution File, Format Version 12.00
# Visual Studio 15
VisualStudioVersion = 15.0.27428.2002
MinimumVisualStudioVersion = 10.0.40219.1
Project("{FAE04EC0-301F-11D3-BF4B-00C04F79EFBC}") = "Caesar cipher", "Caesar cipher\Caesar cipher.csproj", "{D0FB9B9B-06E2-4FB8-9F06-DD1E2E380EC9}"
EndProject
Global
	GlobalSection(SolutionConfigurationPlatforms) = preSolution
		Debug|Any CPU = Debug|Any CPU
		Release|Any CPU = Release|Any CPU
	EndGlobalSection
	GlobalSection(ProjectConfigurationPlatforms) = postSolution
		{D0FB9B9B-06E2-4FB8-9F06-DD1E2E380EC9}.Debug|Any CPU.ActiveCfg = Debug|Any CPU
		{D0FB9B9B-06E2-4FB8-9F06-DD1E2E380EC9}.Debug|Any CPU.Build.0 = Debug|Any CPU
		{D0FB9B9B-06E2-4FB8-9F06-DD1E2E380EC9}.Release|Any CPU.ActiveCfg = Release|Any CPU
		{D0FB9B9B-06E2-4FB8-9F06-DD1E2E380EC9}.Release|Any CPU.Build.0 = Release|Any CPU
	EndGlobalSection
	GlobalSection(SolutionProperties) = preSolution
		HideSolutionNode = FALSE
	EndGlobalSection
	GlobalSection(ExtensibilityGlobals) = postSolution
		SolutionGuid = {1AE34A5C-850E-455E-AE23-C545291239B7}
	EndGlobalSection
EndGlobal
