
Microsoft Visual Studio Solution File, Format Version 12.00
# Visual Studio 15
VisualStudioVersion = 15.0.27130.2020
MinimumVisualStudioVersion = 10.0.40219.1
Project("{FAE04EC0-301F-11D3-BF4B-00C04F79EFBC}") = "06 exercise", "06 exercise\06 exercise.csproj", "{C2F0C2C4-D65A-4A03-9CF5-B8A77A2D59E0}"
EndProject
Project("{FAE04EC0-301F-11D3-BF4B-00C04F79EFBC}") = "objektorienteeritud", "objektorienteeritud\objektorienteeritud.csproj", "{2BD739C9-C05C-4241-B947-800E557A5F6F}"
EndProject
Project("{FAE04EC0-301F-11D3-BF4B-00C04F79EFBC}") = "game_hangman", "game\game_hangman.csproj", "{013A04A2-5804-4B4B-929C-438E82399B6B}"
EndProject
Global
	GlobalSection(SolutionConfigurationPlatforms) = preSolution
		Debug|Any CPU = Debug|Any CPU
		Release|Any CPU = Release|Any CPU
	EndGlobalSection
	GlobalSection(ProjectConfigurationPlatforms) = postSolution
		{C2F0C2C4-D65A-4A03-9CF5-B8A77A2D59E0}.Debug|Any CPU.ActiveCfg = Debug|Any CPU
		{C2F0C2C4-D65A-4A03-9CF5-B8A77A2D59E0}.Debug|Any CPU.Build.0 = Debug|Any CPU
		{C2F0C2C4-D65A-4A03-9CF5-B8A77A2D59E0}.Release|Any CPU.ActiveCfg = Release|Any CPU
		{C2F0C2C4-D65A-4A03-9CF5-B8A77A2D59E0}.Release|Any CPU.Build.0 = Release|Any CPU
		{2BD739C9-C05C-4241-B947-800E557A5F6F}.Debug|Any CPU.ActiveCfg = Debug|Any CPU
		{2BD739C9-C05C-4241-B947-800E557A5F6F}.Debug|Any CPU.Build.0 = Debug|Any CPU
		{2BD739C9-C05C-4241-B947-800E557A5F6F}.Release|Any CPU.ActiveCfg = Release|Any CPU
		{2BD739C9-C05C-4241-B947-800E557A5F6F}.Release|Any CPU.Build.0 = Release|Any CPU
		{013A04A2-5804-4B4B-929C-438E82399B6B}.Debug|Any CPU.ActiveCfg = Debug|Any CPU
		{013A04A2-5804-4B4B-929C-438E82399B6B}.Debug|Any CPU.Build.0 = Debug|Any CPU
		{013A04A2-5804-4B4B-929C-438E82399B6B}.Release|Any CPU.ActiveCfg = Release|Any CPU
		{013A04A2-5804-4B4B-929C-438E82399B6B}.Release|Any CPU.Build.0 = Release|Any CPU
	EndGlobalSection
	GlobalSection(SolutionProperties) = preSolution
		HideSolutionNode = FALSE
	EndGlobalSection
	GlobalSection(ExtensibilityGlobals) = postSolution
		SolutionGuid = {E4763F08-5B90-42D1-9247-8F0B63889E7D}
	EndGlobalSection
EndGlobal
