
Microsoft Visual Studio Solution File, Format Version 12.00
# Visual Studio 15
VisualStudioVersion = 15.0.27130.2027
MinimumVisualStudioVersion = 10.0.40219.1
Project("{FAE04EC0-301F-11D3-BF4B-00C04F79EFBC}") = "tunnikontroll WordMixer", "tunnikontroll\tunnikontroll WordMixer.csproj", "{F158FA74-1B87-4844-BBEE-5E5CABC1256D}"
EndProject
Project("{FAE04EC0-301F-11D3-BF4B-00C04F79EFBC}") = "tunnikontrolli example", "tunnikontrolli example\tunnikontrolli example.csproj", "{A5A72D8E-46CE-4524-B30F-838881FDBDDD}"
EndProject
Global
	GlobalSection(SolutionConfigurationPlatforms) = preSolution
		Debug|Any CPU = Debug|Any CPU
		Release|Any CPU = Release|Any CPU
	EndGlobalSection
	GlobalSection(ProjectConfigurationPlatforms) = postSolution
		{F158FA74-1B87-4844-BBEE-5E5CABC1256D}.Debug|Any CPU.ActiveCfg = Debug|Any CPU
		{F158FA74-1B87-4844-BBEE-5E5CABC1256D}.Debug|Any CPU.Build.0 = Debug|Any CPU
		{F158FA74-1B87-4844-BBEE-5E5CABC1256D}.Release|Any CPU.ActiveCfg = Release|Any CPU
		{F158FA74-1B87-4844-BBEE-5E5CABC1256D}.Release|Any CPU.Build.0 = Release|Any CPU
		{A5A72D8E-46CE-4524-B30F-838881FDBDDD}.Debug|Any CPU.ActiveCfg = Debug|Any CPU
		{A5A72D8E-46CE-4524-B30F-838881FDBDDD}.Debug|Any CPU.Build.0 = Debug|Any CPU
		{A5A72D8E-46CE-4524-B30F-838881FDBDDD}.Release|Any CPU.ActiveCfg = Release|Any CPU
		{A5A72D8E-46CE-4524-B30F-838881FDBDDD}.Release|Any CPU.Build.0 = Release|Any CPU
	EndGlobalSection
	GlobalSection(SolutionProperties) = preSolution
		HideSolutionNode = FALSE
	EndGlobalSection
	GlobalSection(ExtensibilityGlobals) = postSolution
		SolutionGuid = {38DC2292-3B3E-40B0-8378-3F68FFCBE641}
	EndGlobalSection
EndGlobal
