
Microsoft Visual Studio Solution File, Format Version 12.00
# Visual Studio 15
VisualStudioVersion = 15.0.27004.2008
MinimumVisualStudioVersion = 10.0.40219.1
Project("{FAE04EC0-301F-11D3-BF4B-00C04F79EFBC}") = "LED string power consumption calculator", "LED light power consumption calculator\LED string power consumption calculator.csproj", "{F34E4218-A020-4AC5-BDFE-35EEC515DFCF}"
EndProject
Project("{FAE04EC0-301F-11D3-BF4B-00C04F79EFBC}") = "power consumption LED stripe", "power consumption LED stripe\power consumption LED stripe.csproj", "{17A1C879-AE1A-414F-9A78-7544910D49CC}"
EndProject
Global
	GlobalSection(SolutionConfigurationPlatforms) = preSolution
		Debug|Any CPU = Debug|Any CPU
		Release|Any CPU = Release|Any CPU
	EndGlobalSection
	GlobalSection(ProjectConfigurationPlatforms) = postSolution
		{F34E4218-A020-4AC5-BDFE-35EEC515DFCF}.Debug|Any CPU.ActiveCfg = Debug|Any CPU
		{F34E4218-A020-4AC5-BDFE-35EEC515DFCF}.Debug|Any CPU.Build.0 = Debug|Any CPU
		{F34E4218-A020-4AC5-BDFE-35EEC515DFCF}.Release|Any CPU.ActiveCfg = Release|Any CPU
		{F34E4218-A020-4AC5-BDFE-35EEC515DFCF}.Release|Any CPU.Build.0 = Release|Any CPU
		{17A1C879-AE1A-414F-9A78-7544910D49CC}.Debug|Any CPU.ActiveCfg = Debug|Any CPU
		{17A1C879-AE1A-414F-9A78-7544910D49CC}.Debug|Any CPU.Build.0 = Debug|Any CPU
		{17A1C879-AE1A-414F-9A78-7544910D49CC}.Release|Any CPU.ActiveCfg = Release|Any CPU
		{17A1C879-AE1A-414F-9A78-7544910D49CC}.Release|Any CPU.Build.0 = Release|Any CPU
	EndGlobalSection
	GlobalSection(SolutionProperties) = preSolution
		HideSolutionNode = FALSE
	EndGlobalSection
	GlobalSection(ExtensibilityGlobals) = postSolution
		SolutionGuid = {2B237A28-E578-4C0A-883F-F51F4EF5CDDD}
	EndGlobalSection
EndGlobal
